<?xml version="1.0" encoding="utf-8"?>
<Project ToolsVersion="4.0" xmlns="http://schemas.microsoft.com/developer/msbuild/2003">
  <ItemGroup>
    <ClCompile Include="..\src\main.cpp" />
    <ClCompile Include="..\src\PutConnector.cpp">
      <Filter>src</Filter>
    </ClCompile>
    <ClCompile Include="..\src\PutSession.cpp">
      <Filter>src</Filter>
    </ClCompile>
    <ClCompile Include="..\src\ProtocolSession.cpp">
      <Filter>src</Filter>
    </ClCompile>
    <ClCompile Include="..\message\MessageAccept.pb.cc">
      <Filter>message</Filter>
    </ClCompile>
    <ClCompile Include="..\message\MessageActionError.pb.cc">
      <Filter>message</Filter>
    </ClCompile>
    <ClCompile Include="..\message\MessageAlive.pb.cc">
      <Filter>message</Filter>
    </ClCompile>
    <ClCompile Include="..\message\MessageBlockData.pb.cc">
      <Filter>message</Filter>
    </ClCompile>
    <ClCompile Include="..\message\MessageGet.pb.cc">
      <Filter>message</Filter>
    </ClCompile>
    <ClCompile Include="..\message\MessagePut.pb.cc">
      <Filter>message</Filter>
    </ClCompile>
    <ClCompile Include="..\message\MessageRegister.pb.cc">
      <Filter>message</Filter>
    </ClCompile>
    <ClCompile Include="..\message\MessageRequestGet.pb.cc">
      <Filter>message</Filter>
    </ClCompile>
    <ClCompile Include="..\message\MessageRequestGetToken.pb.cc">
      <Filter>message</Filter>
    </ClCompile>
    <ClCompile Include="..\message\MessageRequestPut.pb.cc">
      <Filter>message</Filter>
    </ClCompile>
    <ClCompile Include="..\message\MessageRequestPutToken.pb.cc">
      <Filter>message</Filter>
    </ClCompile>
    <ClCompile Include="..\message\MessageSyncBlock.pb.cc">
      <Filter>message</Filter>
    </ClCompile>
    <ClCompile Include="..\message\MessageToken.pb.cc">
      <Filter>message</Filter>
    </ClCompile>
    <ClCompile Include="..\message\MessageTokenACK.pb.cc">
      <Filter>message</Filter>
    </ClCompile>
    <ClCompile Include="..\message\MessageUpdateBlock.pb.cc">
      <Filter>message</Filter>
    </ClCompile>
    <ClCompile Include="..\src\MasterConnector.cpp">
      <Filter>src</Filter>
    </ClCompile>
    <ClCompile Include="..\src\MasterSession.cpp">
      <Filter>src</Filter>
    </ClCompile>
    <ClCompile Include="..\src\Variable.cpp">
      <Filter>src</Filter>
    </ClCompile>
    <ClCompile Include="..\src\FileStream.cpp">
      <Filter>src</Filter>
    </ClCompile>
    <ClCompile Include="..\src\GetConnector.cpp">
      <Filter>src</Filter>
    </ClCompile>
    <ClCompile Include="..\src\GetSession.cpp">
      <Filter>src</Filter>
    </ClCompile>
    <ClCompile Include="..\message\MessagePutAccept.pb.cc">
      <Filter>message</Filter>
    </ClCompile>
    <ClCompile Include="..\src\Path.cpp">
      <Filter>src</Filter>
    </ClCompile>
  </ItemGroup>
  <ItemGroup>
    <Filter Include="inc">
      <UniqueIdentifier>{8e183328-1cbd-4b2e-ae44-d82c522cc62e}</UniqueIdentifier>
    </Filter>
    <Filter Include="src">
      <UniqueIdentifier>{a3cc0ba9-289b-42f6-9dc4-3d17e4fb293e}</UniqueIdentifier>
    </Filter>
    <Filter Include="message">
      <UniqueIdentifier>{31a2a494-de3d-48c5-9c0d-e9c30c4305cd}</UniqueIdentifier>
    </Filter>
  </ItemGroup>
  <ItemGroup>
    <ClInclude Include="..\inc\PutConnector.h">
      <Filter>inc</Filter>
    </ClInclude>
    <ClInclude Include="..\inc\PutSession.h">
      <Filter>inc</Filter>
    </ClInclude>
    <ClInclude Include="..\inc\ProtocolSession.h">
      <Filter>inc</Filter>
    </ClInclude>
    <ClInclude Include="..\inc\MessageAcceptHandler.h">
      <Filter>inc</Filter>
    </ClInclude>
    <ClInclude Include="..\inc\MessageActionErrorHandler.h">
      <Filter>inc</Filter>
    </ClInclude>
    <ClInclude Include="..\inc\MessageAliveHandler.h">
      <Filter>inc</Filter>
    </ClInclude>
    <ClInclude Include="..\inc\MessageBlockDataHandler.h">
      <Filter>inc</Filter>
    </ClInclude>
    <ClInclude Include="..\inc\MessageGetHandler.h">
      <Filter>inc</Filter>
    </ClInclude>
    <ClInclude Include="..\inc\MessagePutHandler.h">
      <Filter>inc</Filter>
    </ClInclude>
    <ClInclude Include="..\inc\MessageRegisterHandler.h">
      <Filter>inc</Filter>
    </ClInclude>
    <ClInclude Include="..\inc\MessageRequestGetHandler.h">
      <Filter>inc</Filter>
    </ClInclude>
    <ClInclude Include="..\inc\MessageRequestGetTokenHandler.h">
      <Filter>inc</Filter>
    </ClInclude>
    <ClInclude Include="..\inc\MessageRequestPutHandler.h">
      <Filter>inc</Filter>
    </ClInclude>
    <ClInclude Include="..\inc\MessageRequestPutTokenHandler.h">
      <Filter>inc</Filter>
    </ClInclude>
    <ClInclude Include="..\inc\MessageSyncBlockHandler.h">
      <Filter>inc</Filter>
    </ClInclude>
    <ClInclude Include="..\inc\MessageTokenACKHandler.h">
      <Filter>inc</Filter>
    </ClInclude>
    <ClInclude Include="..\inc\MessageTokenHandler.h">
      <Filter>inc</Filter>
    </ClInclude>
    <ClInclude Include="..\inc\MessageUpdateBlockHandler.h">
      <Filter>inc</Filter>
    </ClInclude>
    <ClInclude Include="..\inc\MessageUtils.h">
      <Filter>inc</Filter>
    </ClInclude>
    <ClInclude Include="..\message\MessageAccept.pb.h">
      <Filter>message</Filter>
    </ClInclude>
    <ClInclude Include="..\message\MessageActionError.pb.h">
      <Filter>message</Filter>
    </ClInclude>
    <ClInclude Include="..\message\MessageAlive.pb.h">
      <Filter>message</Filter>
    </ClInclude>
    <ClInclude Include="..\message\MessageBlockData.pb.h">
      <Filter>message</Filter>
    </ClInclude>
    <ClInclude Include="..\message\MessageGet.pb.h">
      <Filter>message</Filter>
    </ClInclude>
    <ClInclude Include="..\message\MessagePut.pb.h">
      <Filter>message</Filter>
    </ClInclude>
    <ClInclude Include="..\message\MessageRegister.pb.h">
      <Filter>message</Filter>
    </ClInclude>
    <ClInclude Include="..\message\MessageRequestGet.pb.h">
      <Filter>message</Filter>
    </ClInclude>
    <ClInclude Include="..\message\MessageRequestGetToken.pb.h">
      <Filter>message</Filter>
    </ClInclude>
    <ClInclude Include="..\message\MessageRequestPut.pb.h">
      <Filter>message</Filter>
    </ClInclude>
    <ClInclude Include="..\message\MessageRequestPutToken.pb.h">
      <Filter>message</Filter>
    </ClInclude>
    <ClInclude Include="..\message\MessageSyncBlock.pb.h">
      <Filter>message</Filter>
    </ClInclude>
    <ClInclude Include="..\message\MessageToken.pb.h">
      <Filter>message</Filter>
    </ClInclude>
    <ClInclude Include="..\message\MessageTokenACK.pb.h">
      <Filter>message</Filter>
    </ClInclude>
    <ClInclude Include="..\message\MessageUpdateBlock.pb.h">
      <Filter>message</Filter>
    </ClInclude>
    <ClInclude Include="..\inc\MasterConnector.h">
      <Filter>inc</Filter>
    </ClInclude>
    <ClInclude Include="..\inc\MasterSession.h">
      <Filter>inc</Filter>
    </ClInclude>
    <ClInclude Include="..\inc\Variable.h">
      <Filter>inc</Filter>
    </ClInclude>
    <ClInclude Include="..\inc\FileStream.h">
      <Filter>inc</Filter>
    </ClInclude>
    <ClInclude Include="..\inc\GetConnector.h">
      <Filter>inc</Filter>
    </ClInclude>
    <ClInclude Include="..\inc\GetSession.h">
      <Filter>inc</Filter>
    </ClInclude>
    <ClInclude Include="..\message\MessagePutAccept.pb.h">
      <Filter>message</Filter>
    </ClInclude>
    <ClInclude Include="..\inc\MessagePutAcceptHandler.h">
      <Filter>inc</Filter>
    </ClInclude>
    <ClInclude Include="..\inc\Path.h">
      <Filter>inc</Filter>
    </ClInclude>
  </ItemGroup>
</Project>